
Microsoft Visual Studio Solution File, Format Version 12.00
# Visual Studio Version 16
VisualStudioVersion = 16.0.30104.148
MinimumVisualStudioVersion = 10.0.40219.1
Project("{9A19103F-16F7-4668-BE54-9A1E7A4F7556}") = "DiscordBotHandler", "DiscordBotHandler\DiscordBotHandler.csproj", "{46726CD1-E395-4C7C-A633-2E893D9B943D}"
EndProject
Project("{FAE04EC0-301F-11D3-BF4B-00C04F79EFBC}") = "DiscordBotHandler.Test", "DiscordBotHandler.Test\DiscordBotHandler.Test.csproj", "{1E066961-2515-4F3B-9210-903B3E54EADD}"
EndProject
Global
	GlobalSection(SolutionConfigurationPlatforms) = preSolution
		Debug|Any CPU = Debug|Any CPU
		Release|Any CPU = Release|Any CPU
	EndGlobalSection
	GlobalSection(ProjectConfigurationPlatforms) = postSolution
		{46726CD1-E395-4C7C-A633-2E893D9B943D}.Debug|Any CPU.ActiveCfg = Debug|Any CPU
		{46726CD1-E395-4C7C-A633-2E893D9B943D}.Debug|Any CPU.Build.0 = Debug|Any CPU
		{46726CD1-E395-4C7C-A633-2E893D9B943D}.Release|Any CPU.ActiveCfg = Release|Any CPU
		{46726CD1-E395-4C7C-A633-2E893D9B943D}.Release|Any CPU.Build.0 = Release|Any CPU
		{1E066961-2515-4F3B-9210-903B3E54EADD}.Debug|Any CPU.ActiveCfg = Debug|Any CPU
		{1E066961-2515-4F3B-9210-903B3E54EADD}.Debug|Any CPU.Build.0 = Debug|Any CPU
		{1E066961-2515-4F3B-9210-903B3E54EADD}.Release|Any CPU.ActiveCfg = Release|Any CPU
		{1E066961-2515-4F3B-9210-903B3E54EADD}.Release|Any CPU.Build.0 = Release|Any CPU
	EndGlobalSection
	GlobalSection(SolutionProperties) = preSolution
		HideSolutionNode = FALSE
	EndGlobalSection
	GlobalSection(ExtensibilityGlobals) = postSolution
		SolutionGuid = {C7D64839-D044-4A21-96A7-D4F8712BAB5A}
	EndGlobalSection
EndGlobal
